// !$*UTF8*$!
{
	archiveVersion = 1;
	classes = {
	};
	objectVersion = 50;
	objects = {

/* Begin PBXBuildFile section */
		660580EC248BD97800ED63FA /* ListenViewController.swift in Sources */ = {isa = PBXBuildFile; fileRef = 660580EB248BD97800ED63FA /* ListenViewController.swift */; };
		6630DF98248BF0A100ABE19B /* HTMLToAttributedString.swift in Sources */ = {isa = PBXBuildFile; fileRef = 6630DF97248BF0A100ABE19B /* HTMLToAttributedString.swift */; };
		66370EAA248BE9D50027394F /* PlayButton.swift in Sources */ = {isa = PBXBuildFile; fileRef = 66370EA9248BE9D50027394F /* PlayButton.swift */; };
		66A90AF4248E448D00C657C7 /* PlayerView.xib in Resources */ = {isa = PBXBuildFile; fileRef = 66A90AF3248E448D00C657C7 /* PlayerView.xib */; };
		66A90AF6248E449E00C657C7 /* PlayerView.swift in Sources */ = {isa = PBXBuildFile; fileRef = 66A90AF5248E449E00C657C7 /* PlayerView.swift */; };
		66B6D280248B7CFC00ADC146 /* PodcastRSSParser.swift in Sources */ = {isa = PBXBuildFile; fileRef = 66B6D27F248B7CFC00ADC146 /* PodcastRSSParser.swift */; };
		66F3D807248AE0FE00D62F91 /* AppDelegate.swift in Sources */ = {isa = PBXBuildFile; fileRef = 66F3D806248AE0FE00D62F91 /* AppDelegate.swift */; };
		66F3D809248AE0FE00D62F91 /* SceneDelegate.swift in Sources */ = {isa = PBXBuildFile; fileRef = 66F3D808248AE0FE00D62F91 /* SceneDelegate.swift */; };
		66F3D80B248AE0FE00D62F91 /* EpisodeListViewController.swift in Sources */ = {isa = PBXBuildFile; fileRef = 66F3D80A248AE0FE00D62F91 /* EpisodeListViewController.swift */; };
		66F3D80E248AE0FE00D62F91 /* Main.storyboard in Resources */ = {isa = PBXBuildFile; fileRef = 66F3D80C248AE0FE00D62F91 /* Main.storyboard */; };
		66F3D810248AE10000D62F91 /* Assets.xcassets in Resources */ = {isa = PBXBuildFile; fileRef = 66F3D80F248AE10000D62F91 /* Assets.xcassets */; };
		66F3D813248AE10000D62F91 /* LaunchScreen.storyboard in Resources */ = {isa = PBXBuildFile; fileRef = 66F3D811248AE10000D62F91 /* LaunchScreen.storyboard */; };
		66F3D81D248AE50D00D62F91 /* EpisodeDetailViewController.swift in Sources */ = {isa = PBXBuildFile; fileRef = 66F3D81C248AE50D00D62F91 /* EpisodeDetailViewController.swift */; };
		66FD03DC248CFC4F0022EAB2 /* PlayerTabBarControllerViewController.swift in Sources */ = {isa = PBXBuildFile; fileRef = 66FD03DB248CFC4F0022EAB2 /* PlayerTabBarControllerViewController.swift */; };
/* End PBXBuildFile section */

/* Begin PBXFileReference section */
		660580EB248BD97800ED63FA /* ListenViewController.swift */ = {isa = PBXFileReference; lastKnownFileType = sourcecode.swift; path = ListenViewController.swift; sourceTree = "<group>"; };
		6630DF97248BF0A100ABE19B /* HTMLToAttributedString.swift */ = {isa = PBXFileReference; lastKnownFileType = sourcecode.swift; path = HTMLToAttributedString.swift; sourceTree = "<group>"; };
		66370EA9248BE9D50027394F /* PlayButton.swift */ = {isa = PBXFileReference; lastKnownFileType = sourcecode.swift; path = PlayButton.swift; sourceTree = "<group>"; };
		66A90AF3248E448D00C657C7 /* PlayerView.xib */ = {isa = PBXFileReference; lastKnownFileType = file.xib; path = PlayerView.xib; sourceTree = "<group>"; };
		66A90AF5248E449E00C657C7 /* PlayerView.swift */ = {isa = PBXFileReference; lastKnownFileType = sourcecode.swift; path = PlayerView.swift; sourceTree = "<group>"; };
		66B6D27F248B7CFC00ADC146 /* PodcastRSSParser.swift */ = {isa = PBXFileReference; lastKnownFileType = sourcecode.swift; path = PodcastRSSParser.swift; sourceTree = "<group>"; };
		66F3D803248AE0FE00D62F91 /* requirepodcast-app-ios.app */ = {isa = PBXFileReference; explicitFileType = wrapper.application; includeInIndex = 0; path = "requirepodcast-app-ios.app"; sourceTree = BUILT_PRODUCTS_DIR; };
		66F3D806248AE0FE00D62F91 /* AppDelegate.swift */ = {isa = PBXFileReference; lastKnownFileType = sourcecode.swift; path = AppDelegate.swift; sourceTree = "<group>"; };
		66F3D808248AE0FE00D62F91 /* SceneDelegate.swift */ = {isa = PBXFileReference; lastKnownFileType = sourcecode.swift; path = SceneDelegate.swift; sourceTree = "<group>"; };
		66F3D80A248AE0FE00D62F91 /* EpisodeListViewController.swift */ = {isa = PBXFileReference; lastKnownFileType = sourcecode.swift; path = EpisodeListViewController.swift; sourceTree = "<group>"; };
		66F3D80D248AE0FE00D62F91 /* Base */ = {isa = PBXFileReference; lastKnownFileType = file.storyboard; name = Base; path = Base.lproj/Main.storyboard; sourceTree = "<group>"; };
		66F3D80F248AE10000D62F91 /* Assets.xcassets */ = {isa = PBXFileReference; lastKnownFileType = folder.assetcatalog; path = Assets.xcassets; sourceTree = "<group>"; };
		66F3D812248AE10000D62F91 /* Base */ = {isa = PBXFileReference; lastKnownFileType = file.storyboard; name = Base; path = Base.lproj/LaunchScreen.storyboard; sourceTree = "<group>"; };
		66F3D814248AE10000D62F91 /* Info.plist */ = {isa = PBXFileReference; lastKnownFileType = text.plist.xml; path = Info.plist; sourceTree = "<group>"; };
		66F3D81C248AE50D00D62F91 /* EpisodeDetailViewController.swift */ = {isa = PBXFileReference; lastKnownFileType = sourcecode.swift; name = EpisodeDetailViewController.swift; path = "requirepodcast-app-ios/Controllers/EpisodeDetailViewController.swift"; sourceTree = SOURCE_ROOT; };
		66FD03DB248CFC4F0022EAB2 /* PlayerTabBarControllerViewController.swift */ = {isa = PBXFileReference; lastKnownFileType = sourcecode.swift; path = PlayerTabBarControllerViewController.swift; sourceTree = "<group>"; };
/* End PBXFileReference section */

/* Begin PBXFrameworksBuildPhase section */
		66F3D800248AE0FE00D62F91 /* Frameworks */ = {
			isa = PBXFrameworksBuildPhase;
			buildActionMask = 2147483647;
			files = (
			);
			runOnlyForDeploymentPostprocessing = 0;
		};
/* End PBXFrameworksBuildPhase section */

/* Begin PBXGroup section */
		66370EA8248BE9B20027394F /* Components */ = {
			isa = PBXGroup;
			children = (
				66370EA9248BE9D50027394F /* PlayButton.swift */,
				66A90AF5248E449E00C657C7 /* PlayerView.swift */,
			);
			path = Components;
			sourceTree = "<group>";
		};
		66B6D27E248B7C4900ADC146 /* Utils */ = {
			isa = PBXGroup;
			children = (
				66B6D27F248B7CFC00ADC146 /* PodcastRSSParser.swift */,
				6630DF97248BF0A100ABE19B /* HTMLToAttributedString.swift */,
			);
			path = Utils;
			sourceTree = "<group>";
		};
		66F3D7FA248AE0FE00D62F91 = {
			isa = PBXGroup;
			children = (
				66F3D805248AE0FE00D62F91 /* requirepodcast-app-ios */,
				66F3D804248AE0FE00D62F91 /* Products */,
			);
			sourceTree = "<group>";
		};
		66F3D804248AE0FE00D62F91 /* Products */ = {
			isa = PBXGroup;
			children = (
				66F3D803248AE0FE00D62F91 /* requirepodcast-app-ios.app */,
			);
			name = Products;
			sourceTree = "<group>";
		};
		66F3D805248AE0FE00D62F91 /* requirepodcast-app-ios */ = {
			isa = PBXGroup;
			children = (
				66370EA8248BE9B20027394F /* Components */,
				66B6D27E248B7C4900ADC146 /* Utils */,
				66F3D81B248AE3EC00D62F91 /* Controllers */,
				66F3D81A248AE3AB00D62F91 /* Storyboards */,
				66F3D806248AE0FE00D62F91 /* AppDelegate.swift */,
				66F3D808248AE0FE00D62F91 /* SceneDelegate.swift */,
				66F3D814248AE10000D62F91 /* Info.plist */,
				66F3D80F248AE10000D62F91 /* Assets.xcassets */,
			);
			path = "requirepodcast-app-ios";
			sourceTree = "<group>";
		};
		66F3D81A248AE3AB00D62F91 /* Storyboards */ = {
			isa = PBXGroup;
			children = (
				66F3D811248AE10000D62F91 /* LaunchScreen.storyboard */,
				66F3D80C248AE0FE00D62F91 /* Main.storyboard */,
				66A90AF3248E448D00C657C7 /* PlayerView.xib */,
			);
			path = Storyboards;
			sourceTree = "<group>";
		};
		66F3D81B248AE3EC00D62F91 /* Controllers */ = {
			isa = PBXGroup;
			children = (
				66F3D81C248AE50D00D62F91 /* EpisodeDetailViewController.swift */,
				66F3D80A248AE0FE00D62F91 /* EpisodeListViewController.swift */,
				660580EB248BD97800ED63FA /* ListenViewController.swift */,
				66FD03DB248CFC4F0022EAB2 /* PlayerTabBarControllerViewController.swift */,
			);
			path = Controllers;
			sourceTree = "<group>";
		};
/* End PBXGroup section */

/* Begin PBXNativeTarget section */
		66F3D802248AE0FE00D62F91 /* requirepodcast-app-ios */ = {
			isa = PBXNativeTarget;
			buildConfigurationList = 66F3D817248AE10000D62F91 /* Build configuration list for PBXNativeTarget "requirepodcast-app-ios" */;
			buildPhases = (
				66F3D7FF248AE0FE00D62F91 /* Sources */,
				66F3D800248AE0FE00D62F91 /* Frameworks */,
				66F3D801248AE0FE00D62F91 /* Resources */,
			);
			buildRules = (
			);
			dependencies = (
			);
			name = "requirepodcast-app-ios";
			productName = "requirepodcast-app-ios";
			productReference = 66F3D803248AE0FE00D62F91 /* requirepodcast-app-ios.app */;
			productType = "com.apple.product-type.application";
		};
/* End PBXNativeTarget section */

/* Begin PBXProject section */
		66F3D7FB248AE0FE00D62F91 /* Project object */ = {
			isa = PBXProject;
			attributes = {
				LastSwiftUpdateCheck = 1150;
				LastUpgradeCheck = 1150;
				ORGANIZATIONNAME = AdamSiekierski;
				TargetAttributes = {
					66F3D802248AE0FE00D62F91 = {
						CreatedOnToolsVersion = 11.5;
					};
				};
			};
			buildConfigurationList = 66F3D7FE248AE0FE00D62F91 /* Build configuration list for PBXProject "requirepodcast-app-ios" */;
			compatibilityVersion = "Xcode 9.3";
			developmentRegion = en;
			hasScannedForEncodings = 0;
			knownRegions = (
				en,
				Base,
			);
			mainGroup = 66F3D7FA248AE0FE00D62F91;
			productRefGroup = 66F3D804248AE0FE00D62F91 /* Products */;
			projectDirPath = "";
			projectRoot = "";
			targets = (
				66F3D802248AE0FE00D62F91 /* requirepodcast-app-ios */,
			);
		};
/* End PBXProject section */

/* Begin PBXResourcesBuildPhase section */
		66F3D801248AE0FE00D62F91 /* Resources */ = {
			isa = PBXResourcesBuildPhase;
			buildActionMask = 2147483647;
			files = (
				66F3D813248AE10000D62F91 /* LaunchScreen.storyboard in Resources */,
				66F3D810248AE10000D62F91 /* Assets.xcassets in Resources */,
				66F3D80E248AE0FE00D62F91 /* Main.storyboard in Resources */,
				66A90AF4248E448D00C657C7 /* PlayerView.xib in Resources */,
			);
			runOnlyForDeploymentPostprocessing = 0;
		};
/* End PBXResourcesBuildPhase section */

/* Begin PBXSourcesBuildPhase section */
		66F3D7FF248AE0FE00D62F91 /* Sources */ = {
			isa = PBXSourcesBuildPhase;
			buildActionMask = 2147483647;
			files = (
				66FD03DC248CFC4F0022EAB2 /* PlayerTabBarControllerViewController.swift in Sources */,
				66F3D80B248AE0FE00D62F91 /* EpisodeListViewController.swift in Sources */,
				66370EAA248BE9D50027394F /* PlayButton.swift in Sources */,
				66A90AF6248E449E00C657C7 /* PlayerView.swift in Sources */,
				66F3D81D248AE50D00D62F91 /* EpisodeDetailViewController.swift in Sources */,
				66F3D807248AE0FE00D62F91 /* AppDelegate.swift in Sources */,
				66F3D809248AE0FE00D62F91 /* SceneDelegate.swift in Sources */,
				66B6D280248B7CFC00ADC146 /* PodcastRSSParser.swift in Sources */,
				6630DF98248BF0A100ABE19B /* HTMLToAttributedString.swift in Sources */,
				660580EC248BD97800ED63FA /* ListenViewController.swift in Sources */,
			);
			runOnlyForDeploymentPostprocessing = 0;
		};
/* End PBXSourcesBuildPhase section */

/* Begin PBXVariantGroup section */
		66F3D80C248AE0FE00D62F91 /* Main.storyboard */ = {
			isa = PBXVariantGroup;
			children = (
				66F3D80D248AE0FE00D62F91 /* Base */,
			);
			name = Main.storyboard;
			sourceTree = "<group>";
		};
		66F3D811248AE10000D62F91 /* LaunchScreen.storyboard */ = {
			isa = PBXVariantGroup;
			children = (
				66F3D812248AE10000D62F91 /* Base */,
			);
			name = LaunchScreen.storyboard;
			sourceTree = "<group>";
		};
/* End PBXVariantGroup section */

/* Begin XCBuildConfiguration section */
		66F3D815248AE10000D62F91 /* Debug */ = {
			isa = XCBuildConfiguration;
			buildSettings = {
				ALWAYS_SEARCH_USER_PATHS = NO;
				CLANG_ANALYZER_NONNULL = YES;
				CLANG_ANALYZER_NUMBER_OBJECT_CONVERSION = YES_AGGRESSIVE;
				CLANG_CXX_LANGUAGE_STANDARD = "gnu++14";
				CLANG_CXX_LIBRARY = "libc++";
				CLANG_ENABLE_MODULES = YES;
				CLANG_ENABLE_OBJC_ARC = YES;
				CLANG_ENABLE_OBJC_WEAK = YES;
				CLANG_WARN_BLOCK_CAPTURE_AUTORELEASING = YES;
				CLANG_WARN_BOOL_CONVERSION = YES;
				CLANG_WARN_COMMA = YES;
				CLANG_WARN_CONSTANT_CONVERSION = YES;
				CLANG_WARN_DEPRECATED_OBJC_IMPLEMENTATIONS = YES;
				CLANG_WARN_DIRECT_OBJC_ISA_USAGE = YES_ERROR;
				CLANG_WARN_DOCUMENTATION_COMMENTS = YES;
				CLANG_WARN_EMPTY_BODY = YES;
				CLANG_WARN_ENUM_CONVERSION = YES;
				CLANG_WARN_INFINITE_RECURSION = YES;
				CLANG_WARN_INT_CONVERSION = YES;
				CLANG_WARN_NON_LITERAL_NULL_CONVERSION = YES;
				CLANG_WARN_OBJC_IMPLICIT_RETAIN_SELF = YES;
				CLANG_WARN_OBJC_LITERAL_CONVERSION = YES;
				CLANG_WARN_OBJC_ROOT_CLASS = YES_ERROR;
				CLANG_WARN_RANGE_LOOP_ANALYSIS = YES;
				CLANG_WARN_STRICT_PROTOTYPES = YES;
				CLANG_WARN_SUSPICIOUS_MOVE = YES;
				CLANG_WARN_UNGUARDED_AVAILABILITY = YES_AGGRESSIVE;
				CLANG_WARN_UNREACHABLE_CODE = YES;
				CLANG_WARN__DUPLICATE_METHOD_MATCH = YES;
				COPY_PHASE_STRIP = NO;
				DEBUG_INFORMATION_FORMAT = dwarf;
				ENABLE_STRICT_OBJC_MSGSEND = YES;
				ENABLE_TESTABILITY = YES;
				GCC_C_LANGUAGE_STANDARD = gnu11;
				GCC_DYNAMIC_NO_PIC = NO;
				GCC_NO_COMMON_BLOCKS = YES;
				GCC_OPTIMIZATION_LEVEL = 0;
				GCC_PREPROCESSOR_DEFINITIONS = (
					"DEBUG=1",
					"$(inherited)",
				);
				GCC_WARN_64_TO_32_BIT_CONVERSION = YES;
				GCC_WARN_ABOUT_RETURN_TYPE = YES_ERROR;
				GCC_WARN_UNDECLARED_SELECTOR = YES;
				GCC_WARN_UNINITIALIZED_AUTOS = YES_AGGRESSIVE;
				GCC_WARN_UNUSED_FUNCTION = YES;
				GCC_WARN_UNUSED_VARIABLE = YES;
				IPHONEOS_DEPLOYMENT_TARGET = 13.5;
				MTL_ENABLE_DEBUG_INFO = INCLUDE_SOURCE;
				MTL_FAST_MATH = YES;
				ONLY_ACTIVE_ARCH = YES;
				SDKROOT = iphoneos;
				SWIFT_ACTIVE_COMPILATION_CONDITIONS = DEBUG;
				SWIFT_OPTIMIZATION_LEVEL = "-Onone";
			};
			name = Debug;
		};
		66F3D816248AE10000D62F91 /* Release */ = {
			isa = XCBuildConfiguration;
			buildSettings = {
				ALWAYS_SEARCH_USER_PATHS = NO;
				CLANG_ANALYZER_NONNULL = YES;
				CLANG_ANALYZER_NUMBER_OBJECT_CONVERSION = YES_AGGRESSIVE;
				CLANG_CXX_LANGUAGE_STANDARD = "gnu++14";
				CLANG_CXX_LIBRARY = "libc++";
				CLANG_ENABLE_MODULES = YES;
				CLANG_ENABLE_OBJC_ARC = YES;
				CLANG_ENABLE_OBJC_WEAK = YES;
				CLANG_WARN_BLOCK_CAPTURE_AUTORELEASING = YES;
				CLANG_WARN_BOOL_CONVERSION = YES;
				CLANG_WARN_COMMA = YES;
				CLANG_WARN_CONSTANT_CONVERSION = YES;
				CLANG_WARN_DEPRECATED_OBJC_IMPLEMENTATIONS = YES;
				CLANG_WARN_DIRECT_OBJC_ISA_USAGE = YES_ERROR;
				CLANG_WARN_DOCUMENTATION_COMMENTS = YES;
				CLANG_WARN_EMPTY_BODY = YES;
				CLANG_WARN_ENUM_CONVERSION = YES;
				CLANG_WARN_INFINITE_RECURSION = YES;
				CLANG_WARN_INT_CONVERSION = YES;
				CLANG_WARN_NON_LITERAL_NULL_CONVERSION = YES;
				CLANG_WARN_OBJC_IMPLICIT_RETAIN_SELF = YES;
				CLANG_WARN_OBJC_LITERAL_CONVERSION = YES;
				CLANG_WARN_OBJC_ROOT_CLASS = YES_ERROR;
				CLANG_WARN_RANGE_LOOP_ANALYSIS = YES;
				CLANG_WARN_STRICT_PROTOTYPES = YES;
				CLANG_WARN_SUSPICIOUS_MOVE = YES;
				CLANG_WARN_UNGUARDED_AVAILABILITY = YES_AGGRESSIVE;
				CLANG_WARN_UNREACHABLE_CODE = YES;
				CLANG_WARN__DUPLICATE_METHOD_MATCH = YES;
				COPY_PHASE_STRIP = NO;
				DEBUG_INFORMATION_FORMAT = "dwarf-with-dsym";
				ENABLE_NS_ASSERTIONS = NO;
				ENABLE_STRICT_OBJC_MSGSEND = YES;
				GCC_C_LANGUAGE_STANDARD = gnu11;
				GCC_NO_COMMON_BLOCKS = YES;
				GCC_WARN_64_TO_32_BIT_CONVERSION = YES;
				GCC_WARN_ABOUT_RETURN_TYPE = YES_ERROR;
				GCC_WARN_UNDECLARED_SELECTOR = YES;
				GCC_WARN_UNINITIALIZED_AUTOS = YES_AGGRESSIVE;
				GCC_WARN_UNUSED_FUNCTION = YES;
				GCC_WARN_UNUSED_VARIABLE = YES;
				IPHONEOS_DEPLOYMENT_TARGET = 13.5;
				MTL_ENABLE_DEBUG_INFO = NO;
				MTL_FAST_MATH = YES;
				SDKROOT = iphoneos;
				SWIFT_COMPILATION_MODE = wholemodule;
				SWIFT_OPTIMIZATION_LEVEL = "-O";
				VALIDATE_PRODUCT = YES;
			};
			name = Release;
		};
		66F3D818248AE10000D62F91 /* Debug */ = {
			isa = XCBuildConfiguration;
			buildSettings = {
				ASSETCATALOG_COMPILER_APPICON_NAME = AppIcon;
				CODE_SIGN_ENTITLEMENTS = "requirepodcast-app-ios/requirepodcast-app-ios.entitlements";
				CODE_SIGN_STYLE = Automatic;
				DEVELOPMENT_TEAM = AET832XGGG;
				INFOPLIST_FILE = "requirepodcast-app-ios/Info.plist";
				LD_RUNPATH_SEARCH_PATHS = (
					"$(inherited)",
					"@executable_path/Frameworks",
				);
				PRODUCT_BUNDLE_IDENTIFIER = "adamsiekierski.requirepodcast-app-ios";
				PRODUCT_NAME = "$(TARGET_NAME)";
				SUPPORTS_MACCATALYST = NO;
				SWIFT_VERSION = 5.0;
				TARGETED_DEVICE_FAMILY = "1,2";
			};
			name = Debug;
		};
		66F3D819248AE10000D62F91 /* Release */ = {
			isa = XCBuildConfiguration;
			buildSettings = {
				ASSETCATALOG_COMPILER_APPICON_NAME = AppIcon;
				CODE_SIGN_ENTITLEMENTS = "requirepodcast-app-ios/requirepodcast-app-ios.entitlements";
				CODE_SIGN_STYLE = Automatic;
				DEVELOPMENT_TEAM = AET832XGGG;
				INFOPLIST_FILE = "requirepodcast-app-ios/Info.plist";
				LD_RUNPATH_SEARCH_PATHS = (
					"$(inherited)",
					"@executable_path/Frameworks",
				);
				PRODUCT_BUNDLE_IDENTIFIER = "adamsiekierski.requirepodcast-app-ios";
				PRODUCT_NAME = "$(TARGET_NAME)";
				SUPPORTS_MACCATALYST = NO;
				SWIFT_VERSION = 5.0;
				TARGETED_DEVICE_FAMILY = "1,2";
			};
			name = Release;
		};
/* End XCBuildConfiguration section */

/* Begin XCConfigurationList section */
		66F3D7FE248AE0FE00D62F91 /* Build configuration list for PBXProject "requirepodcast-app-ios" */ = {
			isa = XCConfigurationList;
			buildConfigurations = (
				66F3D815248AE10000D62F91 /* Debug */,
				66F3D816248AE10000D62F91 /* Release */,
			);
			defaultConfigurationIsVisible = 0;
			defaultConfigurationName = Release;
		};
		66F3D817248AE10000D62F91 /* Build configuration list for PBXNativeTarget "requirepodcast-app-ios" */ = {
			isa = XCConfigurationList;
			buildConfigurations = (
				66F3D818248AE10000D62F91 /* Debug */,
				66F3D819248AE10000D62F91 /* Release */,
			);
			defaultConfigurationIsVisible = 0;
			defaultConfigurationName = Release;
		};
/* End XCConfigurationList section */
	};
	rootObject = 66F3D7FB248AE0FE00D62F91 /* Project object */;
}
